// !$*UTF8*$!
{
	archiveVersion = 1;
	classes = {
	};
	objectVersion = 56;
	objects = {

/* Begin PBXBuildFile section */
		587FAFFF2B2E3A1F0005A98E /* Medium_ViewModifierApp.swift in Sources */ = {isa = PBXBuildFile; fileRef = 587FAFFE2B2E3A1F0005A98E /* Medium_ViewModifierApp.swift */; };
		587FB0012B2E3A1F0005A98E /* ContentView.swift in Sources */ = {isa = PBXBuildFile; fileRef = 587FB0002B2E3A1F0005A98E /* ContentView.swift */; };
		587FB0032B2E3A200005A98E /* Assets.xcassets in Resources */ = {isa = PBXBuildFile; fileRef = 587FB0022B2E3A200005A98E /* Assets.xcassets */; };
		587FB0062B2E3A200005A98E /* Preview Assets.xcassets in Resources */ = {isa = PBXBuildFile; fileRef = 587FB0052B2E3A200005A98E /* Preview Assets.xcassets */; };
		587FB0102B2E3A200005A98E /* Medium_ViewModifierTests.swift in Sources */ = {isa = PBXBuildFile; fileRef = 587FB00F2B2E3A200005A98E /* Medium_ViewModifierTests.swift */; };
		587FB01A2B2E3A200005A98E /* Medium_ViewModifierUITests.swift in Sources */ = {isa = PBXBuildFile; fileRef = 587FB0192B2E3A200005A98E /* Medium_ViewModifierUITests.swift */; };
		587FB01C2B2E3A200005A98E /* Medium_ViewModifierUITestsLaunchTests.swift in Sources */ = {isa = PBXBuildFile; fileRef = 587FB01B2B2E3A200005A98E /* Medium_ViewModifierUITestsLaunchTests.swift */; };
/* End PBXBuildFile section */

/* Begin PBXContainerItemProxy section */
		587FB00C2B2E3A200005A98E /* PBXContainerItemProxy */ = {
			isa = PBXContainerItemProxy;
			containerPortal = 587FAFF32B2E3A1F0005A98E /* Project object */;
			proxyType = 1;
			remoteGlobalIDString = 587FAFFA2B2E3A1F0005A98E;
			remoteInfo = "Medium-ViewModifier";
		};
		587FB0162B2E3A200005A98E /* PBXContainerItemProxy */ = {
			isa = PBXContainerItemProxy;
			containerPortal = 587FAFF32B2E3A1F0005A98E /* Project object */;
			proxyType = 1;
			remoteGlobalIDString = 587FAFFA2B2E3A1F0005A98E;
			remoteInfo = "Medium-ViewModifier";
		};
/* End PBXContainerItemProxy section */

/* Begin PBXFileReference section */
		587FAFFB2B2E3A1F0005A98E /* Medium-ViewModifier.app */ = {isa = PBXFileReference; explicitFileType = wrapper.application; includeInIndex = 0; path = "Medium-ViewModifier.app"; sourceTree = BUILT_PRODUCTS_DIR; };
		587FAFFE2B2E3A1F0005A98E /* Medium_ViewModifierApp.swift */ = {isa = PBXFileReference; lastKnownFileType = sourcecode.swift; path = Medium_ViewModifierApp.swift; sourceTree = "<group>"; };
		587FB0002B2E3A1F0005A98E /* ContentView.swift */ = {isa = PBXFileReference; lastKnownFileType = sourcecode.swift; path = ContentView.swift; sourceTree = "<group>"; };
		587FB0022B2E3A200005A98E /* Assets.xcassets */ = {isa = PBXFileReference; lastKnownFileType = folder.assetcatalog; path = Assets.xcassets; sourceTree = "<group>"; };
		587FB0052B2E3A200005A98E /* Preview Assets.xcassets */ = {isa = PBXFileReference; lastKnownFileType = folder.assetcatalog; path = "Preview Assets.xcassets"; sourceTree = "<group>"; };
		587FB00B2B2E3A200005A98E /* Medium-ViewModifierTests.xctest */ = {isa = PBXFileReference; explicitFileType = wrapper.cfbundle; includeInIndex = 0; path = "Medium-ViewModifierTests.xctest"; sourceTree = BUILT_PRODUCTS_DIR; };
		587FB00F2B2E3A200005A98E /* Medium_ViewModifierTests.swift */ = {isa = PBXFileReference; lastKnownFileType = sourcecode.swift; path = Medium_ViewModifierTests.swift; sourceTree = "<group>"; };
		587FB0152B2E3A200005A98E /* Medium-ViewModifierUITests.xctest */ = {isa = PBXFileReference; explicitFileType = wrapper.cfbundle; includeInIndex = 0; path = "Medium-ViewModifierUITests.xctest"; sourceTree = BUILT_PRODUCTS_DIR; };
		587FB0192B2E3A200005A98E /* Medium_ViewModifierUITests.swift */ = {isa = PBXFileReference; lastKnownFileType = sourcecode.swift; path = Medium_ViewModifierUITests.swift; sourceTree = "<group>"; };
		587FB01B2B2E3A200005A98E /* Medium_ViewModifierUITestsLaunchTests.swift */ = {isa = PBXFileReference; lastKnownFileType = sourcecode.swift; path = Medium_ViewModifierUITestsLaunchTests.swift; sourceTree = "<group>"; };
/* End PBXFileReference section */

/* Begin PBXFrameworksBuildPhase section */
		587FAFF82B2E3A1F0005A98E /* Frameworks */ = {
			isa = PBXFrameworksBuildPhase;
			buildActionMask = 2147483647;
			files = (
			);
			runOnlyForDeploymentPostprocessing = 0;
		};
		587FB0082B2E3A200005A98E /* Frameworks */ = {
			isa = PBXFrameworksBuildPhase;
			buildActionMask = 2147483647;
			files = (
			);
			runOnlyForDeploymentPostprocessing = 0;
		};
		587FB0122B2E3A200005A98E /* Frameworks */ = {
			isa = PBXFrameworksBuildPhase;
			buildActionMask = 2147483647;
			files = (
			);
			runOnlyForDeploymentPostprocessing = 0;
		};
/* End PBXFrameworksBuildPhase section */

/* Begin PBXGroup section */
		587FAFF22B2E3A1F0005A98E = {
			isa = PBXGroup;
			children = (
				587FAFFD2B2E3A1F0005A98E /* Medium-ViewModifier */,
				587FB00E2B2E3A200005A98E /* Medium-ViewModifierTests */,
				587FB0182B2E3A200005A98E /* Medium-ViewModifierUITests */,
				587FAFFC2B2E3A1F0005A98E /* Products */,
			);
			sourceTree = "<group>";
		};
		587FAFFC2B2E3A1F0005A98E /* Products */ = {
			isa = PBXGroup;
			children = (
				587FAFFB2B2E3A1F0005A98E /* Medium-ViewModifier.app */,
				587FB00B2B2E3A200005A98E /* Medium-ViewModifierTests.xctest */,
				587FB0152B2E3A200005A98E /* Medium-ViewModifierUITests.xctest */,
			);
			name = Products;
			sourceTree = "<group>";
		};
		587FAFFD2B2E3A1F0005A98E /* Medium-ViewModifier */ = {
			isa = PBXGroup;
			children = (
				587FAFFE2B2E3A1F0005A98E /* Medium_ViewModifierApp.swift */,
				587FB0002B2E3A1F0005A98E /* ContentView.swift */,
				587FB0022B2E3A200005A98E /* Assets.xcassets */,
				587FB0042B2E3A200005A98E /* Preview Content */,
			);
			path = "Medium-ViewModifier";
			sourceTree = "<group>";
		};
		587FB0042B2E3A200005A98E /* Preview Content */ = {
			isa = PBXGroup;
			children = (
				587FB0052B2E3A200005A98E /* Preview Assets.xcassets */,
			);
			path = "Preview Content";
			sourceTree = "<group>";
		};
		587FB00E2B2E3A200005A98E /* Medium-ViewModifierTests */ = {
			isa = PBXGroup;
			children = (
				587FB00F2B2E3A200005A98E /* Medium_ViewModifierTests.swift */,
			);
			path = "Medium-ViewModifierTests";
			sourceTree = "<group>";
		};
		587FB0182B2E3A200005A98E /* Medium-ViewModifierUITests */ = {
			isa = PBXGroup;
			children = (
				587FB0192B2E3A200005A98E /* Medium_ViewModifierUITests.swift */,
				587FB01B2B2E3A200005A98E /* Medium_ViewModifierUITestsLaunchTests.swift */,
			);
			path = "Medium-ViewModifierUITests";
			sourceTree = "<group>";
		};
/* End PBXGroup section */

/* Begin PBXNativeTarget section */
		587FAFFA2B2E3A1F0005A98E /* Medium-ViewModifier */ = {
			isa = PBXNativeTarget;
			buildConfigurationList = 587FB01F2B2E3A200005A98E /* Build configuration list for PBXNativeTarget "Medium-ViewModifier" */;
			buildPhases = (
				587FAFF72B2E3A1F0005A98E /* Sources */,
				587FAFF82B2E3A1F0005A98E /* Frameworks */,
				587FAFF92B2E3A1F0005A98E /* Resources */,
			);
			buildRules = (
			);
			dependencies = (
			);
			name = "Medium-ViewModifier";
			productName = "Medium-ViewModifier";
			productReference = 587FAFFB2B2E3A1F0005A98E /* Medium-ViewModifier.app */;
			productType = "com.apple.product-type.application";
		};
		587FB00A2B2E3A200005A98E /* Medium-ViewModifierTests */ = {
			isa = PBXNativeTarget;
			buildConfigurationList = 587FB0222B2E3A200005A98E /* Build configuration list for PBXNativeTarget "Medium-ViewModifierTests" */;
			buildPhases = (
				587FB0072B2E3A200005A98E /* Sources */,
				587FB0082B2E3A200005A98E /* Frameworks */,
				587FB0092B2E3A200005A98E /* Resources */,
			);
			buildRules = (
			);
			dependencies = (
				587FB00D2B2E3A200005A98E /* PBXTargetDependency */,
			);
			name = "Medium-ViewModifierTests";
			productName = "Medium-ViewModifierTests";
			productReference = 587FB00B2B2E3A200005A98E /* Medium-ViewModifierTests.xctest */;
			productType = "com.apple.product-type.bundle.unit-test";
		};
		587FB0142B2E3A200005A98E /* Medium-ViewModifierUITests */ = {
			isa = PBXNativeTarget;
			buildConfigurationList = 587FB0252B2E3A200005A98E /* Build configuration list for PBXNativeTarget "Medium-ViewModifierUITests" */;
			buildPhases = (
				587FB0112B2E3A200005A98E /* Sources */,
				587FB0122B2E3A200005A98E /* Frameworks */,
				587FB0132B2E3A200005A98E /* Resources */,
			);
			buildRules = (
			);
			dependencies = (
				587FB0172B2E3A200005A98E /* PBXTargetDependency */,
			);
			name = "Medium-ViewModifierUITests";
			productName = "Medium-ViewModifierUITests";
			productReference = 587FB0152B2E3A200005A98E /* Medium-ViewModifierUITests.xctest */;
			productType = "com.apple.product-type.bundle.ui-testing";
		};
/* End PBXNativeTarget section */

/* Begin PBXProject section */
		587FAFF32B2E3A1F0005A98E /* Project object */ = {
			isa = PBXProject;
			attributes = {
				BuildIndependentTargetsInParallel = 1;
				LastSwiftUpdateCheck = 1500;
				LastUpgradeCheck = 1500;
				TargetAttributes = {
					587FAFFA2B2E3A1F0005A98E = {
						CreatedOnToolsVersion = 15.0;
					};
					587FB00A2B2E3A200005A98E = {
						CreatedOnToolsVersion = 15.0;
						TestTargetID = 587FAFFA2B2E3A1F0005A98E;
					};
					587FB0142B2E3A200005A98E = {
						CreatedOnToolsVersion = 15.0;
						TestTargetID = 587FAFFA2B2E3A1F0005A98E;
					};
				};
			};
			buildConfigurationList = 587FAFF62B2E3A1F0005A98E /* Build configuration list for PBXProject "Medium-ViewModifier" */;
			compatibilityVersion = "Xcode 14.0";
			developmentRegion = en;
			hasScannedForEncodings = 0;
			knownRegions = (
				en,
				Base,
			);
			mainGroup = 587FAFF22B2E3A1F0005A98E;
			productRefGroup = 587FAFFC2B2E3A1F0005A98E /* Products */;
			projectDirPath = "";
			projectRoot = "";
			targets = (
				587FAFFA2B2E3A1F0005A98E /* Medium-ViewModifier */,
				587FB00A2B2E3A200005A98E /* Medium-ViewModifierTests */,
				587FB0142B2E3A200005A98E /* Medium-ViewModifierUITests */,
			);
		};
/* End PBXProject section */

/* Begin PBXResourcesBuildPhase section */
		587FAFF92B2E3A1F0005A98E /* Resources */ = {
			isa = PBXResourcesBuildPhase;
			buildActionMask = 2147483647;
			files = (
				587FB0062B2E3A200005A98E /* Preview Assets.xcassets in Resources */,
				587FB0032B2E3A200005A98E /* Assets.xcassets in Resources */,
			);
			runOnlyForDeploymentPostprocessing = 0;
		};
		587FB0092B2E3A200005A98E /* Resources */ = {
			isa = PBXResourcesBuildPhase;
			buildActionMask = 2147483647;
			files = (
			);
			runOnlyForDeploymentPostprocessing = 0;
		};
		587FB0132B2E3A200005A98E /* Resources */ = {
			isa = PBXResourcesBuildPhase;
			buildActionMask = 2147483647;
			files = (
			);
			runOnlyForDeploymentPostprocessing = 0;
		};
/* End PBXResourcesBuildPhase section */

/* Begin PBXSourcesBuildPhase section */
		587FAFF72B2E3A1F0005A98E /* Sources */ = {
			isa = PBXSourcesBuildPhase;
			buildActionMask = 2147483647;
			files = (
				587FB0012B2E3A1F0005A98E /* ContentView.swift in Sources */,
				587FAFFF2B2E3A1F0005A98E /* Medium_ViewModifierApp.swift in Sources */,
			);
			runOnlyForDeploymentPostprocessing = 0;
		};
		587FB0072B2E3A200005A98E /* Sources */ = {
			isa = PBXSourcesBuildPhase;
			buildActionMask = 2147483647;
			files = (
				587FB0102B2E3A200005A98E /* Medium_ViewModifierTests.swift in Sources */,
			);
			runOnlyForDeploymentPostprocessing = 0;
		};
		587FB0112B2E3A200005A98E /* Sources */ = {
			isa = PBXSourcesBuildPhase;
			buildActionMask = 2147483647;
			files = (
				587FB01A2B2E3A200005A98E /* Medium_ViewModifierUITests.swift in Sources */,
				587FB01C2B2E3A200005A98E /* Medium_ViewModifierUITestsLaunchTests.swift in Sources */,
			);
			runOnlyForDeploymentPostprocessing = 0;
		};
/* End PBXSourcesBuildPhase section */

/* Begin PBXTargetDependency section */
		587FB00D2B2E3A200005A98E /* PBXTargetDependency */ = {
			isa = PBXTargetDependency;
			target = 587FAFFA2B2E3A1F0005A98E /* Medium-ViewModifier */;
			targetProxy = 587FB00C2B2E3A200005A98E /* PBXContainerItemProxy */;
		};
		587FB0172B2E3A200005A98E /* PBXTargetDependency */ = {
			isa = PBXTargetDependency;
			target = 587FAFFA2B2E3A1F0005A98E /* Medium-ViewModifier */;
			targetProxy = 587FB0162B2E3A200005A98E /* PBXContainerItemProxy */;
		};
/* End PBXTargetDependency section */

/* Begin XCBuildConfiguration section */
		587FB01D2B2E3A200005A98E /* Debug */ = {
			isa = XCBuildConfiguration;
			buildSettings = {
				ALWAYS_SEARCH_USER_PATHS = NO;
				ASSETCATALOG_COMPILER_GENERATE_SWIFT_ASSET_SYMBOL_EXTENSIONS = YES;
				CLANG_ANALYZER_NONNULL = YES;
				CLANG_ANALYZER_NUMBER_OBJECT_CONVERSION = YES_AGGRESSIVE;
				CLANG_CXX_LANGUAGE_STANDARD = "gnu++20";
				CLANG_ENABLE_MODULES = YES;
				CLANG_ENABLE_OBJC_ARC = YES;
				CLANG_ENABLE_OBJC_WEAK = YES;
				CLANG_WARN_BLOCK_CAPTURE_AUTORELEASING = YES;
				CLANG_WARN_BOOL_CONVERSION = YES;
				CLANG_WARN_COMMA = YES;
				CLANG_WARN_CONSTANT_CONVERSION = YES;
				CLANG_WARN_DEPRECATED_OBJC_IMPLEMENTATIONS = YES;
				CLANG_WARN_DIRECT_OBJC_ISA_USAGE = YES_ERROR;
				CLANG_WARN_DOCUMENTATION_COMMENTS = YES;
				CLANG_WARN_EMPTY_BODY = YES;
				CLANG_WARN_ENUM_CONVERSION = YES;
				CLANG_WARN_INFINITE_RECURSION = YES;
				CLANG_WARN_INT_CONVERSION = YES;
				CLANG_WARN_NON_LITERAL_NULL_CONVERSION = YES;
				CLANG_WARN_OBJC_IMPLICIT_RETAIN_SELF = YES;
				CLANG_WARN_OBJC_LITERAL_CONVERSION = YES;
				CLANG_WARN_OBJC_ROOT_CLASS = YES_ERROR;
				CLANG_WARN_QUOTED_INCLUDE_IN_FRAMEWORK_HEADER = YES;
				CLANG_WARN_RANGE_LOOP_ANALYSIS = YES;
				CLANG_WARN_STRICT_PROTOTYPES = YES;
				CLANG_WARN_SUSPICIOUS_MOVE = YES;
				CLANG_WARN_UNGUARDED_AVAILABILITY = YES_AGGRESSIVE;
				CLANG_WARN_UNREACHABLE_CODE = YES;
				CLANG_WARN__DUPLICATE_METHOD_MATCH = YES;
				COPY_PHASE_STRIP = NO;
				DEBUG_INFORMATION_FORMAT = dwarf;
				ENABLE_STRICT_OBJC_MSGSEND = YES;
				ENABLE_TESTABILITY = YES;
				ENABLE_USER_SCRIPT_SANDBOXING = YES;
				GCC_C_LANGUAGE_STANDARD = gnu17;
				GCC_DYNAMIC_NO_PIC = NO;
				GCC_NO_COMMON_BLOCKS = YES;
				GCC_OPTIMIZATION_LEVEL = 0;
				GCC_PREPROCESSOR_DEFINITIONS = (
					"DEBUG=1",
					"$(inherited)",
				);
				GCC_WARN_64_TO_32_BIT_CONVERSION = YES;
				GCC_WARN_ABOUT_RETURN_TYPE = YES_ERROR;
				GCC_WARN_UNDECLARED_SELECTOR = YES;
				GCC_WARN_UNINITIALIZED_AUTOS = YES_AGGRESSIVE;
				GCC_WARN_UNUSED_FUNCTION = YES;
				GCC_WARN_UNUSED_VARIABLE = YES;
				IPHONEOS_DEPLOYMENT_TARGET = 17.0;
				LOCALIZATION_PREFERS_STRING_CATALOGS = YES;
				MTL_ENABLE_DEBUG_INFO = INCLUDE_SOURCE;
				MTL_FAST_MATH = YES;
				ONLY_ACTIVE_ARCH = YES;
				SDKROOT = iphoneos;
				SWIFT_ACTIVE_COMPILATION_CONDITIONS = "DEBUG $(inherited)";
				SWIFT_OPTIMIZATION_LEVEL = "-Onone";
			};
			name = Debug;
		};
		587FB01E2B2E3A200005A98E /* Release */ = {
			isa = XCBuildConfiguration;
			buildSettings = {
				ALWAYS_SEARCH_USER_PATHS = NO;
				ASSETCATALOG_COMPILER_GENERATE_SWIFT_ASSET_SYMBOL_EXTENSIONS = YES;
				CLANG_ANALYZER_NONNULL = YES;
				CLANG_ANALYZER_NUMBER_OBJECT_CONVERSION = YES_AGGRESSIVE;
				CLANG_CXX_LANGUAGE_STANDARD = "gnu++20";
				CLANG_ENABLE_MODULES = YES;
				CLANG_ENABLE_OBJC_ARC = YES;
				CLANG_ENABLE_OBJC_WEAK = YES;
				CLANG_WARN_BLOCK_CAPTURE_AUTORELEASING = YES;
				CLANG_WARN_BOOL_CONVERSION = YES;
				CLANG_WARN_COMMA = YES;
				CLANG_WARN_CONSTANT_CONVERSION = YES;
				CLANG_WARN_DEPRECATED_OBJC_IMPLEMENTATIONS = YES;
				CLANG_WARN_DIRECT_OBJC_ISA_USAGE = YES_ERROR;
				CLANG_WARN_DOCUMENTATION_COMMENTS = YES;
				CLANG_WARN_EMPTY_BODY = YES;
				CLANG_WARN_ENUM_CONVERSION = YES;
				CLANG_WARN_INFINITE_RECURSION = YES;
				CLANG_WARN_INT_CONVERSION = YES;
				CLANG_WARN_NON_LITERAL_NULL_CONVERSION = YES;
				CLANG_WARN_OBJC_IMPLICIT_RETAIN_SELF = YES;
				CLANG_WARN_OBJC_LITERAL_CONVERSION = YES;
				CLANG_WARN_OBJC_ROOT_CLASS = YES_ERROR;
				CLANG_WARN_QUOTED_INCLUDE_IN_FRAMEWORK_HEADER = YES;
				CLANG_WARN_RANGE_LOOP_ANALYSIS = YES;
				CLANG_WARN_STRICT_PROTOTYPES = YES;
				CLANG_WARN_SUSPICIOUS_MOVE = YES;
				CLANG_WARN_UNGUARDED_AVAILABILITY = YES_AGGRESSIVE;
				CLANG_WARN_UNREACHABLE_CODE = YES;
				CLANG_WARN__DUPLICATE_METHOD_MATCH = YES;
				COPY_PHASE_STRIP = NO;
				DEBUG_INFORMATION_FORMAT = "dwarf-with-dsym";
				ENABLE_NS_ASSERTIONS = NO;
				ENABLE_STRICT_OBJC_MSGSEND = YES;
				ENABLE_USER_SCRIPT_SANDBOXING = YES;
				GCC_C_LANGUAGE_STANDARD = gnu17;
				GCC_NO_COMMON_BLOCKS = YES;
				GCC_WARN_64_TO_32_BIT_CONVERSION = YES;
				GCC_WARN_ABOUT_RETURN_TYPE = YES_ERROR;
				GCC_WARN_UNDECLARED_SELECTOR = YES;
				GCC_WARN_UNINITIALIZED_AUTOS = YES_AGGRESSIVE;
				GCC_WARN_UNUSED_FUNCTION = YES;
				GCC_WARN_UNUSED_VARIABLE = YES;
				IPHONEOS_DEPLOYMENT_TARGET = 17.0;
				LOCALIZATION_PREFERS_STRING_CATALOGS = YES;
				MTL_ENABLE_DEBUG_INFO = NO;
				MTL_FAST_MATH = YES;
				SDKROOT = iphoneos;
				SWIFT_COMPILATION_MODE = wholemodule;
				VALIDATE_PRODUCT = YES;
			};
			name = Release;
		};
		587FB0202B2E3A200005A98E /* Debug */ = {
			isa = XCBuildConfiguration;
			buildSettings = {
				ASSETCATALOG_COMPILER_APPICON_NAME = AppIcon;
				ASSETCATALOG_COMPILER_GLOBAL_ACCENT_COLOR_NAME = AccentColor;
				CODE_SIGN_STYLE = Automatic;
				CURRENT_PROJECT_VERSION = 1;
				DEVELOPMENT_ASSET_PATHS = "\"Medium-ViewModifier/Preview Content\"";
				ENABLE_PREVIEWS = YES;
				GENERATE_INFOPLIST_FILE = YES;
				INFOPLIST_KEY_UIApplicationSceneManifest_Generation = YES;
				INFOPLIST_KEY_UIApplicationSupportsIndirectInputEvents = YES;
				INFOPLIST_KEY_UILaunchScreen_Generation = YES;
				INFOPLIST_KEY_UISupportedInterfaceOrientations_iPad = "UIInterfaceOrientationPortrait UIInterfaceOrientationPortraitUpsideDown UIInterfaceOrientationLandscapeLeft UIInterfaceOrientationLandscapeRight";
				INFOPLIST_KEY_UISupportedInterfaceOrientations_iPhone = "UIInterfaceOrientationPortrait UIInterfaceOrientationLandscapeLeft UIInterfaceOrientationLandscapeRight";
				LD_RUNPATH_SEARCH_PATHS = (
					"$(inherited)",
					"@executable_path/Frameworks",
				);
				MARKETING_VERSION = 1.0;
				PRODUCT_BUNDLE_IDENTIFIER = "hu.medium.viewmodifier.Medium-ViewModifier";
				PRODUCT_NAME = "$(TARGET_NAME)";
				SWIFT_EMIT_LOC_STRINGS = YES;
				SWIFT_VERSION = 5.0;
				TARGETED_DEVICE_FAMILY = "1,2";
			};
			name = Debug;
		};
		587FB0212B2E3A200005A98E /* Release */ = {
			isa = XCBuildConfiguration;
			buildSettings = {
				ASSETCATALOG_COMPILER_APPICON_NAME = AppIcon;
				ASSETCATALOG_COMPILER_GLOBAL_ACCENT_COLOR_NAME = AccentColor;
				CODE_SIGN_STYLE = Automatic;
				CURRENT_PROJECT_VERSION = 1;
				DEVELOPMENT_ASSET_PATHS = "\"Medium-ViewModifier/Preview Content\"";
				ENABLE_PREVIEWS = YES;
				GENERATE_INFOPLIST_FILE = YES;
				INFOPLIST_KEY_UIApplicationSceneManifest_Generation = YES;
				INFOPLIST_KEY_UIApplicationSupportsIndirectInputEvents = YES;
				INFOPLIST_KEY_UILaunchScreen_Generation = YES;
				INFOPLIST_KEY_UISupportedInterfaceOrientations_iPad = "UIInterfaceOrientationPortrait UIInterfaceOrientationPortraitUpsideDown UIInterfaceOrientationLandscapeLeft UIInterfaceOrientationLandscapeRight";
				INFOPLIST_KEY_UISupportedInterfaceOrientations_iPhone = "UIInterfaceOrientationPortrait UIInterfaceOrientationLandscapeLeft UIInterfaceOrientationLandscapeRight";
				LD_RUNPATH_SEARCH_PATHS = (
					"$(inherited)",
					"@executable_path/Frameworks",
				);
				MARKETING_VERSION = 1.0;
				PRODUCT_BUNDLE_IDENTIFIER = "hu.medium.viewmodifier.Medium-ViewModifier";
				PRODUCT_NAME = "$(TARGET_NAME)";
				SWIFT_EMIT_LOC_STRINGS = YES;
				SWIFT_VERSION = 5.0;
				TARGETED_DEVICE_FAMILY = "1,2";
			};
			name = Release;
		};
		587FB0232B2E3A200005A98E /* Debug */ = {
			isa = XCBuildConfiguration;
			buildSettings = {
				ALWAYS_EMBED_SWIFT_STANDARD_LIBRARIES = YES;
				BUNDLE_LOADER = "$(TEST_HOST)";
				CODE_SIGN_STYLE = Automatic;
				CURRENT_PROJECT_VERSION = 1;
				GENERATE_INFOPLIST_FILE = YES;
				IPHONEOS_DEPLOYMENT_TARGET = 17.0;
				MARKETING_VERSION = 1.0;
				PRODUCT_BUNDLE_IDENTIFIER = "hu.medium.viewmodifier.Medium-ViewModifierTests";
				PRODUCT_NAME = "$(TARGET_NAME)";
				SWIFT_EMIT_LOC_STRINGS = NO;
				SWIFT_VERSION = 5.0;
				TARGETED_DEVICE_FAMILY = "1,2";
				TEST_HOST = "$(BUILT_PRODUCTS_DIR)/Medium-ViewModifier.app/$(BUNDLE_EXECUTABLE_FOLDER_PATH)/Medium-ViewModifier";
			};
			name = Debug;
		};
		587FB0242B2E3A200005A98E /* Release */ = {
			isa = XCBuildConfiguration;
			buildSettings = {
				ALWAYS_EMBED_SWIFT_STANDARD_LIBRARIES = YES;
				BUNDLE_LOADER = "$(TEST_HOST)";
				CODE_SIGN_STYLE = Automatic;
				CURRENT_PROJECT_VERSION = 1;
				GENERATE_INFOPLIST_FILE = YES;
				IPHONEOS_DEPLOYMENT_TARGET = 17.0;
				MARKETING_VERSION = 1.0;
				PRODUCT_BUNDLE_IDENTIFIER = "hu.medium.viewmodifier.Medium-ViewModifierTests";
				PRODUCT_NAME = "$(TARGET_NAME)";
				SWIFT_EMIT_LOC_STRINGS = NO;
				SWIFT_VERSION = 5.0;
				TARGETED_DEVICE_FAMILY = "1,2";
				TEST_HOST = "$(BUILT_PRODUCTS_DIR)/Medium-ViewModifier.app/$(BUNDLE_EXECUTABLE_FOLDER_PATH)/Medium-ViewModifier";
			};
			name = Release;
		};
		587FB0262B2E3A200005A98E /* Debug */ = {
			isa = XCBuildConfiguration;
			buildSettings = {
				ALWAYS_EMBED_SWIFT_STANDARD_LIBRARIES = YES;
				CODE_SIGN_STYLE = Automatic;
				CURRENT_PROJECT_VERSION = 1;
				GENERATE_INFOPLIST_FILE = YES;
				MARKETING_VERSION = 1.0;
				PRODUCT_BUNDLE_IDENTIFIER = "hu.medium.viewmodifier.Medium-ViewModifierUITests";
				PRODUCT_NAME = "$(TARGET_NAME)";
				SWIFT_EMIT_LOC_STRINGS = NO;
				SWIFT_VERSION = 5.0;
				TARGETED_DEVICE_FAMILY = "1,2";
				TEST_TARGET_NAME = "Medium-ViewModifier";
			};
			name = Debug;
		};
		587FB0272B2E3A200005A98E /* Release */ = {
			isa = XCBuildConfiguration;
			buildSettings = {
				ALWAYS_EMBED_SWIFT_STANDARD_LIBRARIES = YES;
				CODE_SIGN_STYLE = Automatic;
				CURRENT_PROJECT_VERSION = 1;
				GENERATE_INFOPLIST_FILE = YES;
				MARKETING_VERSION = 1.0;
				PRODUCT_BUNDLE_IDENTIFIER = "hu.medium.viewmodifier.Medium-ViewModifierUITests";
				PRODUCT_NAME = "$(TARGET_NAME)";
				SWIFT_EMIT_LOC_STRINGS = NO;
				SWIFT_VERSION = 5.0;
				TARGETED_DEVICE_FAMILY = "1,2";
				TEST_TARGET_NAME = "Medium-ViewModifier";
			};
			name = Release;
		};
/* End XCBuildConfiguration section */

/* Begin XCConfigurationList section */
		587FAFF62B2E3A1F0005A98E /* Build configuration list for PBXProject "Medium-ViewModifier" */ = {
			isa = XCConfigurationList;
			buildConfigurations = (
				587FB01D2B2E3A200005A98E /* Debug */,
				587FB01E2B2E3A200005A98E /* Release */,
			);
			defaultConfigurationIsVisible = 0;
			defaultConfigurationName = Release;
		};
		587FB01F2B2E3A200005A98E /* Build configuration list for PBXNativeTarget "Medium-ViewModifier" */ = {
			isa = XCConfigurationList;
			buildConfigurations = (
				587FB0202B2E3A200005A98E /* Debug */,
				587FB0212B2E3A200005A98E /* Release */,
			);
			defaultConfigurationIsVisible = 0;
			defaultConfigurationName = Release;
		};
		587FB0222B2E3A200005A98E /* Build configuration list for PBXNativeTarget "Medium-ViewModifierTests" */ = {
			isa = XCConfigurationList;
			buildConfigurations = (
				587FB0232B2E3A200005A98E /* Debug */,
				587FB0242B2E3A200005A98E /* Release */,
			);
			defaultConfigurationIsVisible = 0;
			defaultConfigurationName = Release;
		};
		587FB0252B2E3A200005A98E /* Build configuration list for PBXNativeTarget "Medium-ViewModifierUITests" */ = {
			isa = XCConfigurationList;
			buildConfigurations = (
				587FB0262B2E3A200005A98E /* Debug */,
				587FB0272B2E3A200005A98E /* Release */,
			);
			defaultConfigurationIsVisible = 0;
			defaultConfigurationName = Release;
		};
/* End XCConfigurationList section */
	};
	rootObject = 587FAFF32B2E3A1F0005A98E /* Project object */;
}
